// !$*UTF8*$!
{
	archiveVersion = 1;
	classes = {
	};
	objectVersion = 56;
	objects = {

/* Begin PBXBuildFile section */
		00C970062A84BD9500FA1266 /* MapFinderAppApp.swift in Sources */ = {isa = PBXBuildFile; fileRef = 00C970052A84BD9500FA1266 /* MapFinderAppApp.swift */; };
		00C970082A84BD9500FA1266 /* ContentView.swift in Sources */ = {isa = PBXBuildFile; fileRef = 00C970072A84BD9500FA1266 /* ContentView.swift */; };
		00C9700D2A84BD9800FA1266 /* Preview Assets.xcassets in Resources */ = {isa = PBXBuildFile; fileRef = 00C9700C2A84BD9800FA1266 /* Preview Assets.xcassets */; };
		00C970172A84BD9800FA1266 /* MapFinderAppTests.swift in Sources */ = {isa = PBXBuildFile; fileRef = 00C970162A84BD9800FA1266 /* MapFinderAppTests.swift */; };
		00C970212A84BD9800FA1266 /* MapFinderAppUITests.swift in Sources */ = {isa = PBXBuildFile; fileRef = 00C970202A84BD9800FA1266 /* MapFinderAppUITests.swift */; };
		00C970232A84BD9800FA1266 /* MapFinderAppUITestsLaunchTests.swift in Sources */ = {isa = PBXBuildFile; fileRef = 00C970222A84BD9800FA1266 /* MapFinderAppUITestsLaunchTests.swift */; };
		00C970302A84BE5C00FA1266 /* Assets.xcassets in Resources */ = {isa = PBXBuildFile; fileRef = 00C9702F2A84BE5C00FA1266 /* Assets.xcassets */; };
		00C970362A84BF2700FA1266 /* LocationModel.swift in Sources */ = {isa = PBXBuildFile; fileRef = 00C970352A84BF2600FA1266 /* LocationModel.swift */; };
		00C970392A84C08000FA1266 /* LocationsDataService.swift in Sources */ = {isa = PBXBuildFile; fileRef = 00C970382A84C08000FA1266 /* LocationsDataService.swift */; };
		00C9703B2A84C28200FA1266 /* LocationsView.swift in Sources */ = {isa = PBXBuildFile; fileRef = 00C9703A2A84C28200FA1266 /* LocationsView.swift */; };
		00C9703D2A84C59300FA1266 /* LocationsViewModel.swift in Sources */ = {isa = PBXBuildFile; fileRef = 00C9703C2A84C59300FA1266 /* LocationsViewModel.swift */; };
		00C9703F2A84EBAB00FA1266 /* PlacesView.swift in Sources */ = {isa = PBXBuildFile; fileRef = 00C9703E2A84EBAB00FA1266 /* PlacesView.swift */; };
		00C970422A84FA2700FA1266 /* DetailsView.swift in Sources */ = {isa = PBXBuildFile; fileRef = 00C970412A84FA2700FA1266 /* DetailsView.swift */; };
		00C970442A850AB100FA1266 /* PinMarkView.swift in Sources */ = {isa = PBXBuildFile; fileRef = 00C970432A850AB100FA1266 /* PinMarkView.swift */; };
/* End PBXBuildFile section */

/* Begin PBXContainerItemProxy section */
		00C970132A84BD9800FA1266 /* PBXContainerItemProxy */ = {
			isa = PBXContainerItemProxy;
			containerPortal = 00C96FFA2A84BD9500FA1266 /* Project object */;
			proxyType = 1;
			remoteGlobalIDString = 00C970012A84BD9500FA1266;
			remoteInfo = MapFinderApp;
		};
		00C9701D2A84BD9800FA1266 /* PBXContainerItemProxy */ = {
			isa = PBXContainerItemProxy;
			containerPortal = 00C96FFA2A84BD9500FA1266 /* Project object */;
			proxyType = 1;
			remoteGlobalIDString = 00C970012A84BD9500FA1266;
			remoteInfo = MapFinderApp;
		};
/* End PBXContainerItemProxy section */

/* Begin PBXFileReference section */
		00C970022A84BD9500FA1266 /* MapFinderApp.app */ = {isa = PBXFileReference; explicitFileType = wrapper.application; includeInIndex = 0; path = MapFinderApp.app; sourceTree = BUILT_PRODUCTS_DIR; };
		00C970052A84BD9500FA1266 /* MapFinderAppApp.swift */ = {isa = PBXFileReference; lastKnownFileType = sourcecode.swift; path = MapFinderAppApp.swift; sourceTree = "<group>"; };
		00C970072A84BD9500FA1266 /* ContentView.swift */ = {isa = PBXFileReference; lastKnownFileType = sourcecode.swift; path = ContentView.swift; sourceTree = "<group>"; };
		00C9700C2A84BD9800FA1266 /* Preview Assets.xcassets */ = {isa = PBXFileReference; lastKnownFileType = folder.assetcatalog; path = "Preview Assets.xcassets"; sourceTree = "<group>"; };
		00C970122A84BD9800FA1266 /* MapFinderAppTests.xctest */ = {isa = PBXFileReference; explicitFileType = wrapper.cfbundle; includeInIndex = 0; path = MapFinderAppTests.xctest; sourceTree = BUILT_PRODUCTS_DIR; };
		00C970162A84BD9800FA1266 /* MapFinderAppTests.swift */ = {isa = PBXFileReference; lastKnownFileType = sourcecode.swift; path = MapFinderAppTests.swift; sourceTree = "<group>"; };
		00C9701C2A84BD9800FA1266 /* MapFinderAppUITests.xctest */ = {isa = PBXFileReference; explicitFileType = wrapper.cfbundle; includeInIndex = 0; path = MapFinderAppUITests.xctest; sourceTree = BUILT_PRODUCTS_DIR; };
		00C970202A84BD9800FA1266 /* MapFinderAppUITests.swift */ = {isa = PBXFileReference; lastKnownFileType = sourcecode.swift; path = MapFinderAppUITests.swift; sourceTree = "<group>"; };
		00C970222A84BD9800FA1266 /* MapFinderAppUITestsLaunchTests.swift */ = {isa = PBXFileReference; lastKnownFileType = sourcecode.swift; path = MapFinderAppUITestsLaunchTests.swift; sourceTree = "<group>"; };
		00C9702F2A84BE5C00FA1266 /* Assets.xcassets */ = {isa = PBXFileReference; lastKnownFileType = folder.assetcatalog; path = Assets.xcassets; sourceTree = "<group>"; };
		00C970352A84BF2600FA1266 /* LocationModel.swift */ = {isa = PBXFileReference; lastKnownFileType = sourcecode.swift; path = LocationModel.swift; sourceTree = "<group>"; };
		00C970382A84C08000FA1266 /* LocationsDataService.swift */ = {isa = PBXFileReference; fileEncoding = 4; lastKnownFileType = sourcecode.swift; path = LocationsDataService.swift; sourceTree = "<group>"; };
		00C9703A2A84C28200FA1266 /* LocationsView.swift */ = {isa = PBXFileReference; lastKnownFileType = sourcecode.swift; path = LocationsView.swift; sourceTree = "<group>"; };
		00C9703C2A84C59300FA1266 /* LocationsViewModel.swift */ = {isa = PBXFileReference; lastKnownFileType = sourcecode.swift; path = LocationsViewModel.swift; sourceTree = "<group>"; };
		00C9703E2A84EBAB00FA1266 /* PlacesView.swift */ = {isa = PBXFileReference; lastKnownFileType = sourcecode.swift; path = PlacesView.swift; sourceTree = "<group>"; };
		00C970412A84FA2700FA1266 /* DetailsView.swift */ = {isa = PBXFileReference; lastKnownFileType = sourcecode.swift; path = DetailsView.swift; sourceTree = "<group>"; };
		00C970432A850AB100FA1266 /* PinMarkView.swift */ = {isa = PBXFileReference; lastKnownFileType = sourcecode.swift; path = PinMarkView.swift; sourceTree = "<group>"; };
/* End PBXFileReference section */

/* Begin PBXFrameworksBuildPhase section */
		00C96FFF2A84BD9500FA1266 /* Frameworks */ = {
			isa = PBXFrameworksBuildPhase;
			buildActionMask = 2147483647;
			files = (
			);
			runOnlyForDeploymentPostprocessing = 0;
		};
		00C9700F2A84BD9800FA1266 /* Frameworks */ = {
			isa = PBXFrameworksBuildPhase;
			buildActionMask = 2147483647;
			files = (
			);
			runOnlyForDeploymentPostprocessing = 0;
		};
		00C970192A84BD9800FA1266 /* Frameworks */ = {
			isa = PBXFrameworksBuildPhase;
			buildActionMask = 2147483647;
			files = (
			);
			runOnlyForDeploymentPostprocessing = 0;
		};
/* End PBXFrameworksBuildPhase section */

/* Begin PBXGroup section */
		00C96FF92A84BD9500FA1266 = {
			isa = PBXGroup;
			children = (
				00C970042A84BD9500FA1266 /* MapFinderApp */,
				00C970152A84BD9800FA1266 /* MapFinderAppTests */,
				00C9701F2A84BD9800FA1266 /* MapFinderAppUITests */,
				00C970032A84BD9500FA1266 /* Products */,
			);
			sourceTree = "<group>";
		};
		00C970032A84BD9500FA1266 /* Products */ = {
			isa = PBXGroup;
			children = (
				00C970022A84BD9500FA1266 /* MapFinderApp.app */,
				00C970122A84BD9800FA1266 /* MapFinderAppTests.xctest */,
				00C9701C2A84BD9800FA1266 /* MapFinderAppUITests.xctest */,
			);
			name = Products;
			sourceTree = "<group>";
		};
		00C970042A84BD9500FA1266 /* MapFinderApp */ = {
			isa = PBXGroup;
			children = (
				00C970372A84C06C00FA1266 /* DataServices */,
				00C970342A84BF0E00FA1266 /* View */,
				00C970322A84BEEF00FA1266 /* ViewModel */,
				00C970312A84BEE500FA1266 /* Models */,
				00C970052A84BD9500FA1266 /* MapFinderAppApp.swift */,
				00C970072A84BD9500FA1266 /* ContentView.swift */,
				00C9702F2A84BE5C00FA1266 /* Assets.xcassets */,
				00C9700B2A84BD9800FA1266 /* Preview Content */,
			);
			path = MapFinderApp;
			sourceTree = "<group>";
		};
		00C9700B2A84BD9800FA1266 /* Preview Content */ = {
			isa = PBXGroup;
			children = (
				00C9700C2A84BD9800FA1266 /* Preview Assets.xcassets */,
			);
			path = "Preview Content";
			sourceTree = "<group>";
		};
		00C970152A84BD9800FA1266 /* MapFinderAppTests */ = {
			isa = PBXGroup;
			children = (
				00C970162A84BD9800FA1266 /* MapFinderAppTests.swift */,
			);
			path = MapFinderAppTests;
			sourceTree = "<group>";
		};
		00C9701F2A84BD9800FA1266 /* MapFinderAppUITests */ = {
			isa = PBXGroup;
			children = (
				00C970202A84BD9800FA1266 /* MapFinderAppUITests.swift */,
				00C970222A84BD9800FA1266 /* MapFinderAppUITestsLaunchTests.swift */,
			);
			path = MapFinderAppUITests;
			sourceTree = "<group>";
		};
		00C970312A84BEE500FA1266 /* Models */ = {
			isa = PBXGroup;
			children = (
				00C970352A84BF2600FA1266 /* LocationModel.swift */,
			);
			path = Models;
			sourceTree = "<group>";
		};
		00C970322A84BEEF00FA1266 /* ViewModel */ = {
			isa = PBXGroup;
			children = (
				00C9703C2A84C59300FA1266 /* LocationsViewModel.swift */,
			);
			path = ViewModel;
			sourceTree = "<group>";
		};
		00C970342A84BF0E00FA1266 /* View */ = {
			isa = PBXGroup;
			children = (
				00C9703A2A84C28200FA1266 /* LocationsView.swift */,
				00C9703E2A84EBAB00FA1266 /* PlacesView.swift */,
				00C970412A84FA2700FA1266 /* DetailsView.swift */,
				00C970432A850AB100FA1266 /* PinMarkView.swift */,
			);
			path = View;
			sourceTree = "<group>";
		};
		00C970372A84C06C00FA1266 /* DataServices */ = {
			isa = PBXGroup;
			children = (
				00C970382A84C08000FA1266 /* LocationsDataService.swift */,
			);
			path = DataServices;
			sourceTree = "<group>";
		};
/* End PBXGroup section */

/* Begin PBXNativeTarget section */
		00C970012A84BD9500FA1266 /* MapFinderApp */ = {
			isa = PBXNativeTarget;
			buildConfigurationList = 00C970262A84BD9800FA1266 /* Build configuration list for PBXNativeTarget "MapFinderApp" */;
			buildPhases = (
				00C96FFE2A84BD9500FA1266 /* Sources */,
				00C96FFF2A84BD9500FA1266 /* Frameworks */,
				00C970002A84BD9500FA1266 /* Resources */,
			);
			buildRules = (
			);
			dependencies = (
			);
			name = MapFinderApp;
			productName = MapFinderApp;
			productReference = 00C970022A84BD9500FA1266 /* MapFinderApp.app */;
			productType = "com.apple.product-type.application";
		};
		00C970112A84BD9800FA1266 /* MapFinderAppTests */ = {
			isa = PBXNativeTarget;
			buildConfigurationList = 00C970292A84BD9800FA1266 /* Build configuration list for PBXNativeTarget "MapFinderAppTests" */;
			buildPhases = (
				00C9700E2A84BD9800FA1266 /* Sources */,
				00C9700F2A84BD9800FA1266 /* Frameworks */,
				00C970102A84BD9800FA1266 /* Resources */,
			);
			buildRules = (
			);
			dependencies = (
				00C970142A84BD9800FA1266 /* PBXTargetDependency */,
			);
			name = MapFinderAppTests;
			productName = MapFinderAppTests;
			productReference = 00C970122A84BD9800FA1266 /* MapFinderAppTests.xctest */;
			productType = "com.apple.product-type.bundle.unit-test";
		};
		00C9701B2A84BD9800FA1266 /* MapFinderAppUITests */ = {
			isa = PBXNativeTarget;
			buildConfigurationList = 00C9702C2A84BD9800FA1266 /* Build configuration list for PBXNativeTarget "MapFinderAppUITests" */;
			buildPhases = (
				00C970182A84BD9800FA1266 /* Sources */,
				00C970192A84BD9800FA1266 /* Frameworks */,
				00C9701A2A84BD9800FA1266 /* Resources */,
			);
			buildRules = (
			);
			dependencies = (
				00C9701E2A84BD9800FA1266 /* PBXTargetDependency */,
			);
			name = MapFinderAppUITests;
			productName = MapFinderAppUITests;
			productReference = 00C9701C2A84BD9800FA1266 /* MapFinderAppUITests.xctest */;
			productType = "com.apple.product-type.bundle.ui-testing";
		};
/* End PBXNativeTarget section */

/* Begin PBXProject section */
		00C96FFA2A84BD9500FA1266 /* Project object */ = {
			isa = PBXProject;
			attributes = {
				BuildIndependentTargetsInParallel = 1;
				LastSwiftUpdateCheck = 1420;
				LastUpgradeCheck = 1420;
				TargetAttributes = {
					00C970012A84BD9500FA1266 = {
						CreatedOnToolsVersion = 14.2;
					};
					00C970112A84BD9800FA1266 = {
						CreatedOnToolsVersion = 14.2;
						TestTargetID = 00C970012A84BD9500FA1266;
					};
					00C9701B2A84BD9800FA1266 = {
						CreatedOnToolsVersion = 14.2;
						TestTargetID = 00C970012A84BD9500FA1266;
					};
				};
			};
			buildConfigurationList = 00C96FFD2A84BD9500FA1266 /* Build configuration list for PBXProject "MapFinderApp" */;
			compatibilityVersion = "Xcode 14.0";
			developmentRegion = en;
			hasScannedForEncodings = 0;
			knownRegions = (
				en,
				Base,
			);
			mainGroup = 00C96FF92A84BD9500FA1266;
			productRefGroup = 00C970032A84BD9500FA1266 /* Products */;
			projectDirPath = "";
			projectRoot = "";
			targets = (
				00C970012A84BD9500FA1266 /* MapFinderApp */,
				00C970112A84BD9800FA1266 /* MapFinderAppTests */,
				00C9701B2A84BD9800FA1266 /* MapFinderAppUITests */,
			);
		};
/* End PBXProject section */

/* Begin PBXResourcesBuildPhase section */
		00C970002A84BD9500FA1266 /* Resources */ = {
			isa = PBXResourcesBuildPhase;
			buildActionMask = 2147483647;
			files = (
				00C970302A84BE5C00FA1266 /* Assets.xcassets in Resources */,
				00C9700D2A84BD9800FA1266 /* Preview Assets.xcassets in Resources */,
			);
			runOnlyForDeploymentPostprocessing = 0;
		};
		00C970102A84BD9800FA1266 /* Resources */ = {
			isa = PBXResourcesBuildPhase;
			buildActionMask = 2147483647;
			files = (
			);
			runOnlyForDeploymentPostprocessing = 0;
		};
		00C9701A2A84BD9800FA1266 /* Resources */ = {
			isa = PBXResourcesBuildPhase;
			buildActionMask = 2147483647;
			files = (
			);
			runOnlyForDeploymentPostprocessing = 0;
		};
/* End PBXResourcesBuildPhase section */

/* Begin PBXSourcesBuildPhase section */
		00C96FFE2A84BD9500FA1266 /* Sources */ = {
			isa = PBXSourcesBuildPhase;
			buildActionMask = 2147483647;
			files = (
				00C970442A850AB100FA1266 /* PinMarkView.swift in Sources */,
				00C970392A84C08000FA1266 /* LocationsDataService.swift in Sources */,
				00C9703D2A84C59300FA1266 /* LocationsViewModel.swift in Sources */,
				00C970082A84BD9500FA1266 /* ContentView.swift in Sources */,
				00C9703F2A84EBAB00FA1266 /* PlacesView.swift in Sources */,
				00C9703B2A84C28200FA1266 /* LocationsView.swift in Sources */,
				00C970422A84FA2700FA1266 /* DetailsView.swift in Sources */,
				00C970362A84BF2700FA1266 /* LocationModel.swift in Sources */,
				00C970062A84BD9500FA1266 /* MapFinderAppApp.swift in Sources */,
			);
			runOnlyForDeploymentPostprocessing = 0;
		};
		00C9700E2A84BD9800FA1266 /* Sources */ = {
			isa = PBXSourcesBuildPhase;
			buildActionMask = 2147483647;
			files = (
				00C970172A84BD9800FA1266 /* MapFinderAppTests.swift in Sources */,
			);
			runOnlyForDeploymentPostprocessing = 0;
		};
		00C970182A84BD9800FA1266 /* Sources */ = {
			isa = PBXSourcesBuildPhase;
			buildActionMask = 2147483647;
			files = (
				00C970212A84BD9800FA1266 /* MapFinderAppUITests.swift in Sources */,
				00C970232A84BD9800FA1266 /* MapFinderAppUITestsLaunchTests.swift in Sources */,
			);
			runOnlyForDeploymentPostprocessing = 0;
		};
/* End PBXSourcesBuildPhase section */

/* Begin PBXTargetDependency section */
		00C970142A84BD9800FA1266 /* PBXTargetDependency */ = {
			isa = PBXTargetDependency;
			target = 00C970012A84BD9500FA1266 /* MapFinderApp */;
			targetProxy = 00C970132A84BD9800FA1266 /* PBXContainerItemProxy */;
		};
		00C9701E2A84BD9800FA1266 /* PBXTargetDependency */ = {
			isa = PBXTargetDependency;
			target = 00C970012A84BD9500FA1266 /* MapFinderApp */;
			targetProxy = 00C9701D2A84BD9800FA1266 /* PBXContainerItemProxy */;
		};
/* End PBXTargetDependency section */

/* Begin XCBuildConfiguration section */
		00C970242A84BD9800FA1266 /* Debug */ = {
			isa = XCBuildConfiguration;
			buildSettings = {
				ALWAYS_SEARCH_USER_PATHS = NO;
				CLANG_ANALYZER_NONNULL = YES;
				CLANG_ANALYZER_NUMBER_OBJECT_CONVERSION = YES_AGGRESSIVE;
				CLANG_CXX_LANGUAGE_STANDARD = "gnu++20";
				CLANG_ENABLE_MODULES = YES;
				CLANG_ENABLE_OBJC_ARC = YES;
				CLANG_ENABLE_OBJC_WEAK = YES;
				CLANG_WARN_BLOCK_CAPTURE_AUTORELEASING = YES;
				CLANG_WARN_BOOL_CONVERSION = YES;
				CLANG_WARN_COMMA = YES;
				CLANG_WARN_CONSTANT_CONVERSION = YES;
				CLANG_WARN_DEPRECATED_OBJC_IMPLEMENTATIONS = YES;
				CLANG_WARN_DIRECT_OBJC_ISA_USAGE = YES_ERROR;
				CLANG_WARN_DOCUMENTATION_COMMENTS = YES;
				CLANG_WARN_EMPTY_BODY = YES;
				CLANG_WARN_ENUM_CONVERSION = YES;
				CLANG_WARN_INFINITE_RECURSION = YES;
				CLANG_WARN_INT_CONVERSION = YES;
				CLANG_WARN_NON_LITERAL_NULL_CONVERSION = YES;
				CLANG_WARN_OBJC_IMPLICIT_RETAIN_SELF = YES;
				CLANG_WARN_OBJC_LITERAL_CONVERSION = YES;
				CLANG_WARN_OBJC_ROOT_CLASS = YES_ERROR;
				CLANG_WARN_QUOTED_INCLUDE_IN_FRAMEWORK_HEADER = YES;
				CLANG_WARN_RANGE_LOOP_ANALYSIS = YES;
				CLANG_WARN_STRICT_PROTOTYPES = YES;
				CLANG_WARN_SUSPICIOUS_MOVE = YES;
				CLANG_WARN_UNGUARDED_AVAILABILITY = YES_AGGRESSIVE;
				CLANG_WARN_UNREACHABLE_CODE = YES;
				CLANG_WARN__DUPLICATE_METHOD_MATCH = YES;
				COPY_PHASE_STRIP = NO;
				DEBUG_INFORMATION_FORMAT = dwarf;
				ENABLE_STRICT_OBJC_MSGSEND = YES;
				ENABLE_TESTABILITY = YES;
				GCC_C_LANGUAGE_STANDARD = gnu11;
				GCC_DYNAMIC_NO_PIC = NO;
				GCC_NO_COMMON_BLOCKS = YES;
				GCC_OPTIMIZATION_LEVEL = 0;
				GCC_PREPROCESSOR_DEFINITIONS = (
					"DEBUG=1",
					"$(inherited)",
				);
				GCC_WARN_64_TO_32_BIT_CONVERSION = YES;
				GCC_WARN_ABOUT_RETURN_TYPE = YES_ERROR;
				GCC_WARN_UNDECLARED_SELECTOR = YES;
				GCC_WARN_UNINITIALIZED_AUTOS = YES_AGGRESSIVE;
				GCC_WARN_UNUSED_FUNCTION = YES;
				GCC_WARN_UNUSED_VARIABLE = YES;
				IPHONEOS_DEPLOYMENT_TARGET = 16.2;
				MTL_ENABLE_DEBUG_INFO = INCLUDE_SOURCE;
				MTL_FAST_MATH = YES;
				ONLY_ACTIVE_ARCH = YES;
				SDKROOT = iphoneos;
				SWIFT_ACTIVE_COMPILATION_CONDITIONS = DEBUG;
				SWIFT_OPTIMIZATION_LEVEL = "-Onone";
			};
			name = Debug;
		};
		00C970252A84BD9800FA1266 /* Release */ = {
			isa = XCBuildConfiguration;
			buildSettings = {
				ALWAYS_SEARCH_USER_PATHS = NO;
				CLANG_ANALYZER_NONNULL = YES;
				CLANG_ANALYZER_NUMBER_OBJECT_CONVERSION = YES_AGGRESSIVE;
				CLANG_CXX_LANGUAGE_STANDARD = "gnu++20";
				CLANG_ENABLE_MODULES = YES;
				CLANG_ENABLE_OBJC_ARC = YES;
				CLANG_ENABLE_OBJC_WEAK = YES;
				CLANG_WARN_BLOCK_CAPTURE_AUTORELEASING = YES;
				CLANG_WARN_BOOL_CONVERSION = YES;
				CLANG_WARN_COMMA = YES;
				CLANG_WARN_CONSTANT_CONVERSION = YES;
				CLANG_WARN_DEPRECATED_OBJC_IMPLEMENTATIONS = YES;
				CLANG_WARN_DIRECT_OBJC_ISA_USAGE = YES_ERROR;
				CLANG_WARN_DOCUMENTATION_COMMENTS = YES;
				CLANG_WARN_EMPTY_BODY = YES;
				CLANG_WARN_ENUM_CONVERSION = YES;
				CLANG_WARN_INFINITE_RECURSION = YES;
				CLANG_WARN_INT_CONVERSION = YES;
				CLANG_WARN_NON_LITERAL_NULL_CONVERSION = YES;
				CLANG_WARN_OBJC_IMPLICIT_RETAIN_SELF = YES;
				CLANG_WARN_OBJC_LITERAL_CONVERSION = YES;
				CLANG_WARN_OBJC_ROOT_CLASS = YES_ERROR;
				CLANG_WARN_QUOTED_INCLUDE_IN_FRAMEWORK_HEADER = YES;
				CLANG_WARN_RANGE_LOOP_ANALYSIS = YES;
				CLANG_WARN_STRICT_PROTOTYPES = YES;
				CLANG_WARN_SUSPICIOUS_MOVE = YES;
				CLANG_WARN_UNGUARDED_AVAILABILITY = YES_AGGRESSIVE;
				CLANG_WARN_UNREACHABLE_CODE = YES;
				CLANG_WARN__DUPLICATE_METHOD_MATCH = YES;
				COPY_PHASE_STRIP = NO;
				DEBUG_INFORMATION_FORMAT = "dwarf-with-dsym";
				ENABLE_NS_ASSERTIONS = NO;
				ENABLE_STRICT_OBJC_MSGSEND = YES;
				GCC_C_LANGUAGE_STANDARD = gnu11;
				GCC_NO_COMMON_BLOCKS = YES;
				GCC_WARN_64_TO_32_BIT_CONVERSION = YES;
				GCC_WARN_ABOUT_RETURN_TYPE = YES_ERROR;
				GCC_WARN_UNDECLARED_SELECTOR = YES;
				GCC_WARN_UNINITIALIZED_AUTOS = YES_AGGRESSIVE;
				GCC_WARN_UNUSED_FUNCTION = YES;
				GCC_WARN_UNUSED_VARIABLE = YES;
				IPHONEOS_DEPLOYMENT_TARGET = 16.2;
				MTL_ENABLE_DEBUG_INFO = NO;
				MTL_FAST_MATH = YES;
				SDKROOT = iphoneos;
				SWIFT_COMPILATION_MODE = wholemodule;
				SWIFT_OPTIMIZATION_LEVEL = "-O";
				VALIDATE_PRODUCT = YES;
			};
			name = Release;
		};
		00C970272A84BD9800FA1266 /* Debug */ = {
			isa = XCBuildConfiguration;
			buildSettings = {
				ASSETCATALOG_COMPILER_APPICON_NAME = AppIcon;
				ASSETCATALOG_COMPILER_GLOBAL_ACCENT_COLOR_NAME = AccentColor;
				CODE_SIGN_STYLE = Automatic;
				CURRENT_PROJECT_VERSION = 1;
				DEVELOPMENT_ASSET_PATHS = "\"MapFinderApp/Preview Content\"";
				ENABLE_PREVIEWS = YES;
				GENERATE_INFOPLIST_FILE = YES;
				INFOPLIST_KEY_UIApplicationSceneManifest_Generation = YES;
				INFOPLIST_KEY_UIApplicationSupportsIndirectInputEvents = YES;
				INFOPLIST_KEY_UILaunchScreen_Generation = YES;
				INFOPLIST_KEY_UISupportedInterfaceOrientations_iPad = "UIInterfaceOrientationPortrait UIInterfaceOrientationPortraitUpsideDown UIInterfaceOrientationLandscapeLeft UIInterfaceOrientationLandscapeRight";
				INFOPLIST_KEY_UISupportedInterfaceOrientations_iPhone = "UIInterfaceOrientationPortrait UIInterfaceOrientationLandscapeLeft UIInterfaceOrientationLandscapeRight";
				LD_RUNPATH_SEARCH_PATHS = (
					"$(inherited)",
					"@executable_path/Frameworks",
				);
				MARKETING_VERSION = 1.0;
				PRODUCT_BUNDLE_IDENTIFIER = com.Pardeepsingh.MapFinderApp;
				PRODUCT_NAME = "$(TARGET_NAME)";
				SWIFT_EMIT_LOC_STRINGS = YES;
				SWIFT_VERSION = 5.0;
				TARGETED_DEVICE_FAMILY = "1,2";
			};
			name = Debug;
		};
		00C970282A84BD9800FA1266 /* Release */ = {
			isa = XCBuildConfiguration;
			buildSettings = {
				ASSETCATALOG_COMPILER_APPICON_NAME = AppIcon;
				ASSETCATALOG_COMPILER_GLOBAL_ACCENT_COLOR_NAME = AccentColor;
				CODE_SIGN_STYLE = Automatic;
				CURRENT_PROJECT_VERSION = 1;
				DEVELOPMENT_ASSET_PATHS = "\"MapFinderApp/Preview Content\"";
				ENABLE_PREVIEWS = YES;
				GENERATE_INFOPLIST_FILE = YES;
				INFOPLIST_KEY_UIApplicationSceneManifest_Generation = YES;
				INFOPLIST_KEY_UIApplicationSupportsIndirectInputEvents = YES;
				INFOPLIST_KEY_UILaunchScreen_Generation = YES;
				INFOPLIST_KEY_UISupportedInterfaceOrientations_iPad = "UIInterfaceOrientationPortrait UIInterfaceOrientationPortraitUpsideDown UIInterfaceOrientationLandscapeLeft UIInterfaceOrientationLandscapeRight";
				INFOPLIST_KEY_UISupportedInterfaceOrientations_iPhone = "UIInterfaceOrientationPortrait UIInterfaceOrientationLandscapeLeft UIInterfaceOrientationLandscapeRight";
				LD_RUNPATH_SEARCH_PATHS = (
					"$(inherited)",
					"@executable_path/Frameworks",
				);
				MARKETING_VERSION = 1.0;
				PRODUCT_BUNDLE_IDENTIFIER = com.Pardeepsingh.MapFinderApp;
				PRODUCT_NAME = "$(TARGET_NAME)";
				SWIFT_EMIT_LOC_STRINGS = YES;
				SWIFT_VERSION = 5.0;
				TARGETED_DEVICE_FAMILY = "1,2";
			};
			name = Release;
		};
		00C9702A2A84BD9800FA1266 /* Debug */ = {
			isa = XCBuildConfiguration;
			buildSettings = {
				ALWAYS_EMBED_SWIFT_STANDARD_LIBRARIES = YES;
				BUNDLE_LOADER = "$(TEST_HOST)";
				CODE_SIGN_STYLE = Automatic;
				CURRENT_PROJECT_VERSION = 1;
				GENERATE_INFOPLIST_FILE = YES;
				IPHONEOS_DEPLOYMENT_TARGET = 16.2;
				MARKETING_VERSION = 1.0;
				PRODUCT_BUNDLE_IDENTIFIER = com.Pardeepsingh.MapFinderAppTests;
				PRODUCT_NAME = "$(TARGET_NAME)";
				SWIFT_EMIT_LOC_STRINGS = NO;
				SWIFT_VERSION = 5.0;
				TARGETED_DEVICE_FAMILY = "1,2";
				TEST_HOST = "$(BUILT_PRODUCTS_DIR)/MapFinderApp.app/$(BUNDLE_EXECUTABLE_FOLDER_PATH)/MapFinderApp";
			};
			name = Debug;
		};
		00C9702B2A84BD9800FA1266 /* Release */ = {
			isa = XCBuildConfiguration;
			buildSettings = {
				ALWAYS_EMBED_SWIFT_STANDARD_LIBRARIES = YES;
				BUNDLE_LOADER = "$(TEST_HOST)";
				CODE_SIGN_STYLE = Automatic;
				CURRENT_PROJECT_VERSION = 1;
				GENERATE_INFOPLIST_FILE = YES;
				IPHONEOS_DEPLOYMENT_TARGET = 16.2;
				MARKETING_VERSION = 1.0;
				PRODUCT_BUNDLE_IDENTIFIER = com.Pardeepsingh.MapFinderAppTests;
				PRODUCT_NAME = "$(TARGET_NAME)";
				SWIFT_EMIT_LOC_STRINGS = NO;
				SWIFT_VERSION = 5.0;
				TARGETED_DEVICE_FAMILY = "1,2";
				TEST_HOST = "$(BUILT_PRODUCTS_DIR)/MapFinderApp.app/$(BUNDLE_EXECUTABLE_FOLDER_PATH)/MapFinderApp";
			};
			name = Release;
		};
		00C9702D2A84BD9800FA1266 /* Debug */ = {
			isa = XCBuildConfiguration;
			buildSettings = {
				ALWAYS_EMBED_SWIFT_STANDARD_LIBRARIES = YES;
				CODE_SIGN_STYLE = Automatic;
				CURRENT_PROJECT_VERSION = 1;
				GENERATE_INFOPLIST_FILE = YES;
				MARKETING_VERSION = 1.0;
				PRODUCT_BUNDLE_IDENTIFIER = com.Pardeepsingh.MapFinderAppUITests;
				PRODUCT_NAME = "$(TARGET_NAME)";
				SWIFT_EMIT_LOC_STRINGS = NO;
				SWIFT_VERSION = 5.0;
				TARGETED_DEVICE_FAMILY = "1,2";
				TEST_TARGET_NAME = MapFinderApp;
			};
			name = Debug;
		};
		00C9702E2A84BD9800FA1266 /* Release */ = {
			isa = XCBuildConfiguration;
			buildSettings = {
				ALWAYS_EMBED_SWIFT_STANDARD_LIBRARIES = YES;
				CODE_SIGN_STYLE = Automatic;
				CURRENT_PROJECT_VERSION = 1;
				GENERATE_INFOPLIST_FILE = YES;
				MARKETING_VERSION = 1.0;
				PRODUCT_BUNDLE_IDENTIFIER = com.Pardeepsingh.MapFinderAppUITests;
				PRODUCT_NAME = "$(TARGET_NAME)";
				SWIFT_EMIT_LOC_STRINGS = NO;
				SWIFT_VERSION = 5.0;
				TARGETED_DEVICE_FAMILY = "1,2";
				TEST_TARGET_NAME = MapFinderApp;
			};
			name = Release;
		};
/* End XCBuildConfiguration section */

/* Begin XCConfigurationList section */
		00C96FFD2A84BD9500FA1266 /* Build configuration list for PBXProject "MapFinderApp" */ = {
			isa = XCConfigurationList;
			buildConfigurations = (
				00C970242A84BD9800FA1266 /* Debug */,
				00C970252A84BD9800FA1266 /* Release */,
			);
			defaultConfigurationIsVisible = 0;
			defaultConfigurationName = Release;
		};
		00C970262A84BD9800FA1266 /* Build configuration list for PBXNativeTarget "MapFinderApp" */ = {
			isa = XCConfigurationList;
			buildConfigurations = (
				00C970272A84BD9800FA1266 /* Debug */,
				00C970282A84BD9800FA1266 /* Release */,
			);
			defaultConfigurationIsVisible = 0;
			defaultConfigurationName = Release;
		};
		00C970292A84BD9800FA1266 /* Build configuration list for PBXNativeTarget "MapFinderAppTests" */ = {
			isa = XCConfigurationList;
			buildConfigurations = (
				00C9702A2A84BD9800FA1266 /* Debug */,
				00C9702B2A84BD9800FA1266 /* Release */,
			);
			defaultConfigurationIsVisible = 0;
			defaultConfigurationName = Release;
		};
		00C9702C2A84BD9800FA1266 /* Build configuration list for PBXNativeTarget "MapFinderAppUITests" */ = {
			isa = XCConfigurationList;
			buildConfigurations = (
				00C9702D2A84BD9800FA1266 /* Debug */,
				00C9702E2A84BD9800FA1266 /* Release */,
			);
			defaultConfigurationIsVisible = 0;
			defaultConfigurationName = Release;
		};
/* End XCConfigurationList section */
	};
	rootObject = 00C96FFA2A84BD9500FA1266 /* Project object */;
}
